
Microsoft Visual Studio Solution File, Format Version 12.00
# Visual Studio 15
VisualStudioVersion = 15.0.28307.1062
MinimumVisualStudioVersion = 10.0.40219.1
Project("{FAE04EC0-301F-11D3-BF4B-00C04F79EFBC}") = "CommentarySentimentAnalyzer", "CommentarySentimentAnalyzer\CommentarySentimentAnalyzer.csproj", "{D5ECDA9C-F6A2-4E52-98C0-390147E529CA}"
EndProject
Global
	GlobalSection(SolutionConfigurationPlatforms) = preSolution
		Debug|Any CPU = Debug|Any CPU
		Release|Any CPU = Release|Any CPU
	EndGlobalSection
	GlobalSection(ProjectConfigurationPlatforms) = postSolution
		{D5ECDA9C-F6A2-4E52-98C0-390147E529CA}.Debug|Any CPU.ActiveCfg = Debug|Any CPU
		{D5ECDA9C-F6A2-4E52-98C0-390147E529CA}.Debug|Any CPU.Build.0 = Debug|Any CPU
		{D5ECDA9C-F6A2-4E52-98C0-390147E529CA}.Release|Any CPU.ActiveCfg = Release|Any CPU
		{D5ECDA9C-F6A2-4E52-98C0-390147E529CA}.Release|Any CPU.Build.0 = Release|Any CPU
	EndGlobalSection
	GlobalSection(SolutionProperties) = preSolution
		HideSolutionNode = FALSE
	EndGlobalSection
	GlobalSection(ExtensibilityGlobals) = postSolution
		SolutionGuid = {F39CC384-B99E-4B3B-B94A-0E509C922657}
	EndGlobalSection
EndGlobal
